
Microsoft Visual Studio Solution File, Format Version 12.00
# Visual Studio Version 17
VisualStudioVersion = 17.9.34310.174
MinimumVisualStudioVersion = 10.0.40219.1
Project("{FAE04EC0-301F-11D3-BF4B-00C04F79EFBC}") = "Versioning.MinimalAPIs", "Versioning.MinimalAPIs\Versioning.MinimalAPIs.csproj", "{45F5F1E3-A116-45A1-96BE-EDD1FB0A99E1}"
EndProject
Global
	GlobalSection(SolutionConfigurationPlatforms) = preSolution
		Debug|Any CPU = Debug|Any CPU
		Release|Any CPU = Release|Any CPU
	EndGlobalSection
	GlobalSection(ProjectConfigurationPlatforms) = postSolution
		{45F5F1E3-A116-45A1-96BE-EDD1FB0A99E1}.Debug|Any CPU.ActiveCfg = Debug|Any CPU
		{45F5F1E3-A116-45A1-96BE-EDD1FB0A99E1}.Debug|Any CPU.Build.0 = Debug|Any CPU
		{45F5F1E3-A116-45A1-96BE-EDD1FB0A99E1}.Release|Any CPU.ActiveCfg = Release|Any CPU
		{45F5F1E3-A116-45A1-96BE-EDD1FB0A99E1}.Release|Any CPU.Build.0 = Release|Any CPU
	EndGlobalSection
	GlobalSection(SolutionProperties) = preSolution
		HideSolutionNode = FALSE
	EndGlobalSection
	GlobalSection(ExtensibilityGlobals) = postSolution
		SolutionGuid = {897F5024-9018-453B-9B26-C653D1DBF25E}
	EndGlobalSection
EndGlobal
